{
    "_readme": [
        "This file locks the dependencies of your project to a known state",
        "Read more about it at http://getcomposer.org/doc/01-basic-usage.md#composer-lock-the-lock-file",
        "This file is @generated automatically"
    ],
    "hash": "33b15c9c75b575989f9962dec0788a69",
    "packages": [
        {
            "name": "composer/composer",
            "version": "dev-master",
            "source": {
                "type": "git",
                "url": "https://github.com/composer/composer.git",
                "reference": "a309e1d89ded6919935a842faeaed8e888fbfe37"
            },
            "dist": {
                "type": "zip",
                "url": "https://api.github.com/repos/composer/composer/zipball/a309e1d89ded6919935a842faeaed8e888fbfe37",
                "reference": "a309e1d89ded6919935a842faeaed8e888fbfe37",
                "shasum": ""
            },
            "require": {
                "justinrainbow/json-schema": "~1.1",
                "php": ">=5.3.2",
                "seld/jsonlint": "1.*",
                "symfony/console": "~2.3",
                "symfony/finder": "~2.2",
                "symfony/process": "~2.1"
            },
            "require-dev": {
                "phpunit/phpunit": "~3.7"
            },
            "suggest": {
                "ext-openssl": "Enabling the openssl extension allows you to access https URLs for repositories and packages",
                "ext-zip": "Enabling the zip extension allows you to unzip archives, and allows gzip compression of all internet traffic"
            },
            "bin": [
                "bin/composer"
            ],
            "type": "library",
            "extra": {
                "branch-alias": {
                    "dev-master": "1.0-dev"
                }
            },
            "autoload": {
                "psr-0": {
                    "Composer": "src/"
                }
            },
            "notification-url": "https://packagist.org/downloads/",
            "license": [
                "MIT"
            ],
            "authors": [
                {
                    "name": "Nils Adermann",
                    "email": "naderman@naderman.de",
                    "homepage": "http://www.naderman.de"
                },
                {
                    "name": "Jordi Boggiano",
                    "email": "j.boggiano@seld.be",
                    "homepage": "http://seld.be"
                }
            ],
            "description": "Composer helps you declare, manage and install dependencies of PHP projects, ensuring you have the right stack everywhere.",
            "homepage": "http://getcomposer.org/",
            "keywords": [
                "autoload",
                "dependency",
                "package"
            ],
            "time": "2014-10-20 19:16:14"
        },
        {
            "name": "justinrainbow/json-schema",
            "version": "1.3.7",
            "source": {
                "type": "git",
                "url": "https://github.com/justinrainbow/json-schema.git",
                "reference": "87b54b460febed69726c781ab67462084e97a105"
            },
            "dist": {
                "type": "zip",
                "url": "https://api.github.com/repos/justinrainbow/json-schema/zipball/87b54b460febed69726c781ab67462084e97a105",
                "reference": "87b54b460febed69726c781ab67462084e97a105",
                "shasum": ""
            },
            "require": {
                "php": ">=5.3.0"
            },
            "require-dev": {
                "json-schema/json-schema-test-suite": "1.1.0",
                "phpdocumentor/phpdocumentor": "~2",
                "phpunit/phpunit": "~3.7"
            },
            "bin": [
                "bin/validate-json"
            ],
            "type": "library",
            "extra": {
                "branch-alias": {
                    "dev-master": "1.4.x-dev"
                }
            },
            "autoload": {
                "psr-0": {
                    "JsonSchema": "src/"
                }
            },
            "notification-url": "https://packagist.org/downloads/",
            "license": [
                "BSD-3-Clause"
            ],
            "authors": [
                {
                    "name": "Bruno Prieto Reis",
                    "email": "bruno.p.reis@gmail.com"
                },
                {
                    "name": "Justin Rainbow",
                    "email": "justin.rainbow@gmail.com"
                },
                {
                    "name": "Igor Wiedler",
                    "email": "igor@wiedler.ch"
                },
                {
                    "name": "Robert Schönthal",
                    "email": "seroscho@googlemail.com"
                }
            ],
            "description": "A library to validate a json schema.",
            "homepage": "https://github.com/justinrainbow/json-schema",
            "keywords": [
                "json",
                "schema"
            ],
            "time": "2014-08-25 02:48:14"
        },
        {
            "name": "seld/jsonlint",
            "version": "1.3.0",
            "source": {
                "type": "git",
                "url": "https://github.com/Seldaek/jsonlint.git",
                "reference": "a7bc2ec9520ad15382292591b617c43bdb1fec35"
            },
            "dist": {
                "type": "zip",
                "url": "https://api.github.com/repos/Seldaek/jsonlint/zipball/a7bc2ec9520ad15382292591b617c43bdb1fec35",
                "reference": "a7bc2ec9520ad15382292591b617c43bdb1fec35",
                "shasum": ""
            },
            "require": {
                "php": ">=5.3.0"
            },
            "bin": [
                "bin/jsonlint"
            ],
            "type": "library",
            "autoload": {
                "psr-4": {
                    "Seld\\JsonLint\\": "src/Seld/JsonLint/"
                }
            },
            "notification-url": "https://packagist.org/downloads/",
            "license": [
                "MIT"
            ],
            "authors": [
                {
                    "name": "Jordi Boggiano",
                    "email": "j.boggiano@seld.be",
                    "homepage": "http://seld.be"
                }
            ],
            "description": "JSON Linter",
            "keywords": [
                "json",
                "linter",
                "parser",
                "validator"
            ],
            "time": "2014-09-05 15:36:20"
        },
        {
            "name": "symfony/console",
            "version": "v2.5.6",
            "target-dir": "Symfony/Component/Console",
            "source": {
                "type": "git",
                "url": "https://github.com/symfony/Console.git",
                "reference": "6f177fca24200a5b97aef5ce7a5c98124a0f0db0"
            },
            "dist": {
                "type": "zip",
                "url": "https://api.github.com/repos/symfony/Console/zipball/6f177fca24200a5b97aef5ce7a5c98124a0f0db0",
                "reference": "6f177fca24200a5b97aef5ce7a5c98124a0f0db0",
                "shasum": ""
            },
            "require": {
                "php": ">=5.3.3"
            },
            "require-dev": {
                "psr/log": "~1.0",
                "symfony/event-dispatcher": "~2.1"
            },
            "suggest": {
                "psr/log": "For using the console logger",
                "symfony/event-dispatcher": ""
            },
            "type": "library",
            "extra": {
                "branch-alias": {
                    "dev-master": "2.5-dev"
                }
            },
            "autoload": {
                "psr-0": {
                    "Symfony\\Component\\Console\\": ""
                }
            },
            "notification-url": "https://packagist.org/downloads/",
            "license": [
                "MIT"
            ],
            "authors": [
                {
                    "name": "Symfony Community",
                    "homepage": "http://symfony.com/contributors"
                },
                {
                    "name": "Fabien Potencier",
                    "email": "fabien@symfony.com"
                }
            ],
            "description": "Symfony Console Component",
            "homepage": "http://symfony.com",
            "time": "2014-10-05 13:57:04"
        },
        {
            "name": "symfony/finder",
            "version": "v2.5.6",
            "target-dir": "Symfony/Component/Finder",
            "source": {
                "type": "git",
                "url": "https://github.com/symfony/Finder.git",
                "reference": "cf66df4e783e6aade319b273c9bcf9e42aa9b10f"
            },
            "dist": {
                "type": "zip",
                "url": "https://api.github.com/repos/symfony/Finder/zipball/cf66df4e783e6aade319b273c9bcf9e42aa9b10f",
                "reference": "cf66df4e783e6aade319b273c9bcf9e42aa9b10f",
                "shasum": ""
            },
            "require": {
                "php": ">=5.3.3"
            },
            "type": "library",
            "extra": {
                "branch-alias": {
                    "dev-master": "2.5-dev"
                }
            },
            "autoload": {
                "psr-0": {
                    "Symfony\\Component\\Finder\\": ""
                }
            },
            "notification-url": "https://packagist.org/downloads/",
            "license": [
                "MIT"
            ],
            "authors": [
                {
                    "name": "Symfony Community",
                    "homepage": "http://symfony.com/contributors"
                },
                {
                    "name": "Fabien Potencier",
                    "email": "fabien@symfony.com"
                }
            ],
            "description": "Symfony Finder Component",
            "homepage": "http://symfony.com",
            "time": "2014-10-01 05:50:18"
        },
        {
            "name": "symfony/process",
            "version": "v2.5.6",
            "target-dir": "Symfony/Component/Process",
            "source": {
                "type": "git",
                "url": "https://github.com/symfony/Process.git",
                "reference": "9bbacbb3a7a27b17c0d51e2f126f59e0e588ad3a"
            },
            "dist": {
                "type": "zip",
                "url": "https://api.github.com/repos/symfony/Process/zipball/9bbacbb3a7a27b17c0d51e2f126f59e0e588ad3a",
                "reference": "9bbacbb3a7a27b17c0d51e2f126f59e0e588ad3a",
                "shasum": ""
            },
            "require": {
                "php": ">=5.3.3"
            },
            "type": "library",
            "extra": {
                "branch-alias": {
                    "dev-master": "2.5-dev"
                }
            },
            "autoload": {
                "psr-0": {
                    "Symfony\\Component\\Process\\": ""
                }
            },
            "notification-url": "https://packagist.org/downloads/",
            "license": [
                "MIT"
            ],
            "authors": [
                {
                    "name": "Symfony Community",
                    "homepage": "http://symfony.com/contributors"
                },
                {
                    "name": "Fabien Potencier",
                    "email": "fabien@symfony.com"
                }
            ],
            "description": "Symfony Process Component",
            "homepage": "http://symfony.com",
            "time": "2014-10-01 05:50:18"
        },
        {
            "name": "symfony/yaml",
            "version": "v2.5.6",
            "target-dir": "Symfony/Component/Yaml",
            "source": {
                "type": "git",
                "url": "https://github.com/symfony/Yaml.git",
                "reference": "2d9f527449cabfa8543dd7fa3a466d6ae83d6726"
            },
            "dist": {
                "type": "zip",
                "url": "https://api.github.com/repos/symfony/Yaml/zipball/2d9f527449cabfa8543dd7fa3a466d6ae83d6726",
                "reference": "2d9f527449cabfa8543dd7fa3a466d6ae83d6726",
                "shasum": ""
            },
            "require": {
                "php": ">=5.3.3"
            },
            "type": "library",
            "extra": {
                "branch-alias": {
                    "dev-master": "2.5-dev"
                }
            },
            "autoload": {
                "psr-0": {
                    "Symfony\\Component\\Yaml\\": ""
                }
            },
            "notification-url": "https://packagist.org/downloads/",
            "license": [
                "MIT"
            ],
            "authors": [
                {
                    "name": "Symfony Community",
                    "homepage": "http://symfony.com/contributors"
                },
                {
                    "name": "Fabien Potencier",
                    "email": "fabien@symfony.com"
                }
            ],
            "description": "Symfony Yaml Component",
            "homepage": "http://symfony.com",
            "time": "2014-10-01 05:50:18"
        }
    ],
    "packages-dev": [],
    "aliases": [],
    "minimum-stability": "stable",
    "stability-flags": {
        "composer/composer": 20
    },
    "prefer-stable": false,
    "platform": [],
    "platform-dev": []
}
